// !$*UTF8*$!
{
	archiveVersion = 1;
	classes = {
	};
	objectVersion = 56;
	objects = {

/* Begin PBXBuildFile section */
		420156AA2AEED418007189B5 /* ScavengARQuestApp.swift in Sources */ = {isa = PBXBuildFile; fileRef = 420156A92AEED418007189B5 /* ScavengARQuestApp.swift */; };
		420156AC2AEED418007189B5 /* ContentView.swift in Sources */ = {isa = PBXBuildFile; fileRef = 420156AB2AEED418007189B5 /* ContentView.swift */; };
		420156AE2AEED41A007189B5 /* Assets.xcassets in Resources */ = {isa = PBXBuildFile; fileRef = 420156AD2AEED41A007189B5 /* Assets.xcassets */; };
		420156B12AEED41A007189B5 /* Preview Assets.xcassets in Resources */ = {isa = PBXBuildFile; fileRef = 420156B02AEED41A007189B5 /* Preview Assets.xcassets */; };
		428F1DA22AF32069009C8815 /* LocManager.swift in Sources */ = {isa = PBXBuildFile; fileRef = 428F1DA12AF32069009C8815 /* LocManager.swift */; };
		428F1DA42AF3217A009C8815 /* geodata.swift in Sources */ = {isa = PBXBuildFile; fileRef = 428F1DA32AF3217A009C8815 /* geodata.swift */; };
		428F1DA62AF32205009C8815 /* LocationDetails.swift in Sources */ = {isa = PBXBuildFile; fileRef = 428F1DA52AF32205009C8815 /* LocationDetails.swift */; };
		428F1DAA2AF32D7D009C8815 /* KeywordTag.swift in Sources */ = {isa = PBXBuildFile; fileRef = 428F1DA92AF32D7D009C8815 /* KeywordTag.swift */; };
		428F1DAE2AF32F47009C8815 /* MapView.swift in Sources */ = {isa = PBXBuildFile; fileRef = 428F1DAD2AF32F47009C8815 /* MapView.swift */; };
		42AC26332AF5D229000CF09A /* LocationVerification.swift in Sources */ = {isa = PBXBuildFile; fileRef = 42AC26322AF5D229000CF09A /* LocationVerification.swift */; };
		42AC26352AF7DBD0000CF09A /* LoginView.swift in Sources */ = {isa = PBXBuildFile; fileRef = 42AC26342AF7DBD0000CF09A /* LoginView.swift */; };
		42B0F8F62AFA7B0000FF5DB4 /* LeaderboardRow.swift in Sources */ = {isa = PBXBuildFile; fileRef = 42B0F8F52AFA7B0000FF5DB4 /* LeaderboardRow.swift */; };
		8716DE782AF3043700EB5DDE /* ActiveQuestPage.swift in Sources */ = {isa = PBXBuildFile; fileRef = 8716DE772AF3043700EB5DDE /* ActiveQuestPage.swift */; };
		871C64452AF45233008CE4FF /* ActiveQuestListRow.swift in Sources */ = {isa = PBXBuildFile; fileRef = 871C64442AF45233008CE4FF /* ActiveQuestListRow.swift */; };
		8DDBEDF32AEF2077002B5EB4 /* QuestListRow.swift in Sources */ = {isa = PBXBuildFile; fileRef = 8DDBEDF22AEF2077002B5EB4 /* QuestListRow.swift */; };
		8DDBEDF72AEF4E99002B5EB4 /* QuestPage.swift in Sources */ = {isa = PBXBuildFile; fileRef = 8DDBEDF62AEF4E99002B5EB4 /* QuestPage.swift */; };
		8DDBEDF92AEFE150002B5EB4 /* LeaderboardPage.swift in Sources */ = {isa = PBXBuildFile; fileRef = 8DDBEDF82AEFE150002B5EB4 /* LeaderboardPage.swift */; };
		8DDBEDFB2AEFE2DA002B5EB4 /* ChatPage.swift in Sources */ = {isa = PBXBuildFile; fileRef = 8DDBEDFA2AEFE2DA002B5EB4 /* ChatPage.swift */; };
		8DDBEDFD2AEFE337002B5EB4 /* ProfilePage.swift in Sources */ = {isa = PBXBuildFile; fileRef = 8DDBEDFC2AEFE337002B5EB4 /* ProfilePage.swift */; };
		8DDBEDFF2AEFE75A002B5EB4 /* HomePage.swift in Sources */ = {isa = PBXBuildFile; fileRef = 8DDBEDFE2AEFE75A002B5EB4 /* HomePage.swift */; };
/* End PBXBuildFile section */

/* Begin PBXFileReference section */
		420156A62AEED418007189B5 /* ScavengARQuest.app */ = {isa = PBXFileReference; explicitFileType = wrapper.application; includeInIndex = 0; path = ScavengARQuest.app; sourceTree = BUILT_PRODUCTS_DIR; };
		420156A92AEED418007189B5 /* ScavengARQuestApp.swift */ = {isa = PBXFileReference; lastKnownFileType = sourcecode.swift; path = ScavengARQuestApp.swift; sourceTree = "<group>"; };
		420156AB2AEED418007189B5 /* ContentView.swift */ = {isa = PBXFileReference; lastKnownFileType = sourcecode.swift; path = ContentView.swift; sourceTree = "<group>"; };
		420156AD2AEED41A007189B5 /* Assets.xcassets */ = {isa = PBXFileReference; lastKnownFileType = folder.assetcatalog; path = Assets.xcassets; sourceTree = "<group>"; };
		420156B02AEED41A007189B5 /* Preview Assets.xcassets */ = {isa = PBXFileReference; lastKnownFileType = folder.assetcatalog; path = "Preview Assets.xcassets"; sourceTree = "<group>"; };
		428F1DA12AF32069009C8815 /* LocManager.swift */ = {isa = PBXFileReference; lastKnownFileType = sourcecode.swift; path = LocManager.swift; sourceTree = "<group>"; };
		428F1DA32AF3217A009C8815 /* geodata.swift */ = {isa = PBXFileReference; lastKnownFileType = sourcecode.swift; path = geodata.swift; sourceTree = "<group>"; };
		428F1DA52AF32205009C8815 /* LocationDetails.swift */ = {isa = PBXFileReference; lastKnownFileType = sourcecode.swift; path = LocationDetails.swift; sourceTree = "<group>"; };
		428F1DA92AF32D7D009C8815 /* KeywordTag.swift */ = {isa = PBXFileReference; lastKnownFileType = sourcecode.swift; path = KeywordTag.swift; sourceTree = "<group>"; };
		428F1DAD2AF32F47009C8815 /* MapView.swift */ = {isa = PBXFileReference; lastKnownFileType = sourcecode.swift; path = MapView.swift; sourceTree = "<group>"; };
		42AC26322AF5D229000CF09A /* LocationVerification.swift */ = {isa = PBXFileReference; lastKnownFileType = sourcecode.swift; path = LocationVerification.swift; sourceTree = "<group>"; };
		42AC26342AF7DBD0000CF09A /* LoginView.swift */ = {isa = PBXFileReference; lastKnownFileType = sourcecode.swift; path = LoginView.swift; sourceTree = "<group>"; };
		42B0F8F52AFA7B0000FF5DB4 /* LeaderboardRow.swift */ = {isa = PBXFileReference; fileEncoding = 4; lastKnownFileType = sourcecode.swift; name = LeaderboardRow.swift; path = scavengARQuest/LeaderboardRow.swift; sourceTree = SOURCE_ROOT; };
		8716DE772AF3043700EB5DDE /* ActiveQuestPage.swift */ = {isa = PBXFileReference; lastKnownFileType = sourcecode.swift; name = ActiveQuestPage.swift; path = scavengARQuest/ActiveQuestPage.swift; sourceTree = SOURCE_ROOT; };
		871C64442AF45233008CE4FF /* ActiveQuestListRow.swift */ = {isa = PBXFileReference; lastKnownFileType = sourcecode.swift; name = ActiveQuestListRow.swift; path = scavengARQuest/ActiveQuestListRow.swift; sourceTree = SOURCE_ROOT; };
		8DDBEDF22AEF2077002B5EB4 /* QuestListRow.swift */ = {isa = PBXFileReference; lastKnownFileType = sourcecode.swift; name = QuestListRow.swift; path = scavengARQuest/QuestListRow.swift; sourceTree = SOURCE_ROOT; };
		8DDBEDF62AEF4E99002B5EB4 /* QuestPage.swift */ = {isa = PBXFileReference; lastKnownFileType = sourcecode.swift; name = QuestPage.swift; path = scavengARQuest/QuestPage.swift; sourceTree = SOURCE_ROOT; };
		8DDBEDF82AEFE150002B5EB4 /* LeaderboardPage.swift */ = {isa = PBXFileReference; lastKnownFileType = sourcecode.swift; name = LeaderboardPage.swift; path = scavengARQuest/LeaderboardPage.swift; sourceTree = SOURCE_ROOT; };
		8DDBEDFA2AEFE2DA002B5EB4 /* ChatPage.swift */ = {isa = PBXFileReference; lastKnownFileType = sourcecode.swift; path = ChatPage.swift; sourceTree = "<group>"; };
		8DDBEDFC2AEFE337002B5EB4 /* ProfilePage.swift */ = {isa = PBXFileReference; lastKnownFileType = sourcecode.swift; path = ProfilePage.swift; sourceTree = "<group>"; };
		8DDBEDFE2AEFE75A002B5EB4 /* HomePage.swift */ = {isa = PBXFileReference; lastKnownFileType = sourcecode.swift; name = HomePage.swift; path = scavengARQuest/HomePage.swift; sourceTree = SOURCE_ROOT; };
/* End PBXFileReference section */

/* Begin PBXFrameworksBuildPhase section */
		420156A32AEED418007189B5 /* Frameworks */ = {
			isa = PBXFrameworksBuildPhase;
			buildActionMask = 2147483647;
			files = (
			);
			runOnlyForDeploymentPostprocessing = 0;
		};
/* End PBXFrameworksBuildPhase section */

/* Begin PBXGroup section */
		4201569D2AEED418007189B5 = {
			isa = PBXGroup;
			children = (
				420156A82AEED418007189B5 /* ScavengARQuest */,
				420156A72AEED418007189B5 /* Products */,
			);
			sourceTree = "<group>";
		};
		420156A72AEED418007189B5 /* Products */ = {
			isa = PBXGroup;
			children = (
				420156A62AEED418007189B5 /* ScavengARQuest.app */,
			);
			name = Products;
			sourceTree = "<group>";
		};
		420156A82AEED418007189B5 /* ScavengARQuest */ = {
			isa = PBXGroup;
			children = (
				8DDBEDFC2AEFE337002B5EB4 /* ProfilePage.swift */,
				8DDBEDFA2AEFE2DA002B5EB4 /* ChatPage.swift */,
				420156A92AEED418007189B5 /* ScavengARQuestApp.swift */,
				420156AB2AEED418007189B5 /* ContentView.swift */,
				42AC26342AF7DBD0000CF09A /* LoginView.swift */,
				420156AD2AEED41A007189B5 /* Assets.xcassets */,
				420156AF2AEED41A007189B5 /* Preview Content */,
				8DDBEDF22AEF2077002B5EB4 /* QuestListRow.swift */,
				8DDBEDF62AEF4E99002B5EB4 /* QuestPage.swift */,
				8DDBEDF82AEFE150002B5EB4 /* LeaderboardPage.swift */,
				42B0F8F52AFA7B0000FF5DB4 /* LeaderboardRow.swift */,
				8DDBEDFE2AEFE75A002B5EB4 /* HomePage.swift */,
				428F1DA12AF32069009C8815 /* LocManager.swift */,
				428F1DA32AF3217A009C8815 /* geodata.swift */,
				428F1DA52AF32205009C8815 /* LocationDetails.swift */,
				42AC26322AF5D229000CF09A /* LocationVerification.swift */,
				428F1DAD2AF32F47009C8815 /* MapView.swift */,
				428F1DA92AF32D7D009C8815 /* KeywordTag.swift */,
				8716DE772AF3043700EB5DDE /* ActiveQuestPage.swift */,
				871C64442AF45233008CE4FF /* ActiveQuestListRow.swift */,
			);
			path = ScavengARQuest;
			sourceTree = "<group>";
		};
		420156AF2AEED41A007189B5 /* Preview Content */ = {
			isa = PBXGroup;
			children = (
				420156B02AEED41A007189B5 /* Preview Assets.xcassets */,
			);
			path = "Preview Content";
			sourceTree = "<group>";
		};
/* End PBXGroup section */

/* Begin PBXNativeTarget section */
		420156A52AEED418007189B5 /* ScavengARQuest */ = {
			isa = PBXNativeTarget;
			buildConfigurationList = 420156B42AEED41A007189B5 /* Build configuration list for PBXNativeTarget "ScavengARQuest" */;
			buildPhases = (
				420156A22AEED418007189B5 /* Sources */,
				420156A32AEED418007189B5 /* Frameworks */,
				420156A42AEED418007189B5 /* Resources */,
			);
			buildRules = (
			);
			dependencies = (
			);
			name = ScavengARQuest;
			productName = ScavengARQuest;
			productReference = 420156A62AEED418007189B5 /* ScavengARQuest.app */;
			productType = "com.apple.product-type.application";
		};
/* End PBXNativeTarget section */

/* Begin PBXProject section */
		4201569E2AEED418007189B5 /* Project object */ = {
			isa = PBXProject;
			attributes = {
				BuildIndependentTargetsInParallel = 1;
				LastSwiftUpdateCheck = 1500;
				LastUpgradeCheck = 1500;
				TargetAttributes = {
					420156A52AEED418007189B5 = {
						CreatedOnToolsVersion = 15.0;
					};
				};
			};
			buildConfigurationList = 420156A12AEED418007189B5 /* Build configuration list for PBXProject "scavengARQuest" */;
			compatibilityVersion = "Xcode 14.0";
			developmentRegion = en;
			hasScannedForEncodings = 0;
			knownRegions = (
				en,
				Base,
			);
			mainGroup = 4201569D2AEED418007189B5;
			productRefGroup = 420156A72AEED418007189B5 /* Products */;
			projectDirPath = "";
			projectRoot = "";
			targets = (
				420156A52AEED418007189B5 /* ScavengARQuest */,
			);
		};
/* End PBXProject section */

/* Begin PBXResourcesBuildPhase section */
		420156A42AEED418007189B5 /* Resources */ = {
			isa = PBXResourcesBuildPhase;
			buildActionMask = 2147483647;
			files = (
				420156B12AEED41A007189B5 /* Preview Assets.xcassets in Resources */,
				420156AE2AEED41A007189B5 /* Assets.xcassets in Resources */,
			);
			runOnlyForDeploymentPostprocessing = 0;
		};
/* End PBXResourcesBuildPhase section */

/* Begin PBXSourcesBuildPhase section */
		420156A22AEED418007189B5 /* Sources */ = {
			isa = PBXSourcesBuildPhase;
			buildActionMask = 2147483647;
			files = (
				42B0F8F62AFA7B0000FF5DB4 /* LeaderboardRow.swift in Sources */,
				8DDBEDF32AEF2077002B5EB4 /* QuestListRow.swift in Sources */,
				8DDBEDF92AEFE150002B5EB4 /* Leaderboard.swift in Sources */,
				428F1DA82AF323EB009C8815 /* LocationDetailsStore.swift in Sources */,
				871C64452AF45233008CE4FF /* ActiveQuestListRow.swift in Sources */,
				8716DE782AF3043700EB5DDE /* ActiveQuestPage.swift in Sources */,
				8DDBEDF92AEFE150002B5EB4 /* LeaderboardPage.swift in Sources */,
				428F1DA22AF32069009C8815 /* LocManager.swift in Sources */,
				428F1DAA2AF32D7D009C8815 /* KeywordTag.swift in Sources */,
				8DDBEDFB2AEFE2DA002B5EB4 /* ChatPage.swift in Sources */,
				42AC26352AF7DBD0000CF09A /* LoginView.swift in Sources */,
				8DDBEDFD2AEFE337002B5EB4 /* ProfilePage.swift in Sources */,
				428F1DAE2AF32F47009C8815 /* MapView.swift in Sources */,
				42AC26332AF5D229000CF09A /* LocationVerification.swift in Sources */,
				420156AC2AEED418007189B5 /* ContentView.swift in Sources */,
				428F1DA62AF32205009C8815 /* LocationDetails.swift in Sources */,
				8DDBEDF72AEF4E99002B5EB4 /* QuestPage.swift in Sources */,
				420156AA2AEED418007189B5 /* ScavengARQuestApp.swift in Sources */,
				8DDBEDFF2AEFE75A002B5EB4 /* HomePage.swift in Sources */,
				428F1DA42AF3217A009C8815 /* geodata.swift in Sources */,
			);
			runOnlyForDeploymentPostprocessing = 0;
		};
/* End PBXSourcesBuildPhase section */

/* Begin XCBuildConfiguration section */
		420156B22AEED41A007189B5 /* Debug */ = {
			isa = XCBuildConfiguration;
			buildSettings = {
				ALWAYS_SEARCH_USER_PATHS = NO;
				ASSETCATALOG_COMPILER_GENERATE_SWIFT_ASSET_SYMBOL_EXTENSIONS = YES;
				CLANG_ANALYZER_NONNULL = YES;
				CLANG_ANALYZER_NUMBER_OBJECT_CONVERSION = YES_AGGRESSIVE;
				CLANG_CXX_LANGUAGE_STANDARD = "gnu++20";
				CLANG_ENABLE_MODULES = YES;
				CLANG_ENABLE_OBJC_ARC = YES;
				CLANG_ENABLE_OBJC_WEAK = YES;
				CLANG_WARN_BLOCK_CAPTURE_AUTORELEASING = YES;
				CLANG_WARN_BOOL_CONVERSION = YES;
				CLANG_WARN_COMMA = YES;
				CLANG_WARN_CONSTANT_CONVERSION = YES;
				CLANG_WARN_DEPRECATED_OBJC_IMPLEMENTATIONS = YES;
				CLANG_WARN_DIRECT_OBJC_ISA_USAGE = YES_ERROR;
				CLANG_WARN_DOCUMENTATION_COMMENTS = YES;
				CLANG_WARN_EMPTY_BODY = YES;
				CLANG_WARN_ENUM_CONVERSION = YES;
				CLANG_WARN_INFINITE_RECURSION = YES;
				CLANG_WARN_INT_CONVERSION = YES;
				CLANG_WARN_NON_LITERAL_NULL_CONVERSION = YES;
				CLANG_WARN_OBJC_IMPLICIT_RETAIN_SELF = YES;
				CLANG_WARN_OBJC_LITERAL_CONVERSION = YES;
				CLANG_WARN_OBJC_ROOT_CLASS = YES_ERROR;
				CLANG_WARN_QUOTED_INCLUDE_IN_FRAMEWORK_HEADER = YES;
				CLANG_WARN_RANGE_LOOP_ANALYSIS = YES;
				CLANG_WARN_STRICT_PROTOTYPES = YES;
				CLANG_WARN_SUSPICIOUS_MOVE = YES;
				CLANG_WARN_UNGUARDED_AVAILABILITY = YES_AGGRESSIVE;
				CLANG_WARN_UNREACHABLE_CODE = YES;
				CLANG_WARN__DUPLICATE_METHOD_MATCH = YES;
				COPY_PHASE_STRIP = NO;
				DEBUG_INFORMATION_FORMAT = dwarf;
				ENABLE_STRICT_OBJC_MSGSEND = YES;
				ENABLE_TESTABILITY = YES;
				ENABLE_USER_SCRIPT_SANDBOXING = YES;
				GCC_C_LANGUAGE_STANDARD = gnu17;
				GCC_DYNAMIC_NO_PIC = NO;
				GCC_NO_COMMON_BLOCKS = YES;
				GCC_OPTIMIZATION_LEVEL = 0;
				GCC_PREPROCESSOR_DEFINITIONS = (
					"DEBUG=1",
					"$(inherited)",
				);
				GCC_WARN_64_TO_32_BIT_CONVERSION = YES;
				GCC_WARN_ABOUT_RETURN_TYPE = YES_ERROR;
				GCC_WARN_UNDECLARED_SELECTOR = YES;
				GCC_WARN_UNINITIALIZED_AUTOS = YES_AGGRESSIVE;
				GCC_WARN_UNUSED_FUNCTION = YES;
				GCC_WARN_UNUSED_VARIABLE = YES;
				IPHONEOS_DEPLOYMENT_TARGET = 17.0;
				LOCALIZATION_PREFERS_STRING_CATALOGS = YES;
				MTL_ENABLE_DEBUG_INFO = INCLUDE_SOURCE;
				MTL_FAST_MATH = YES;
				ONLY_ACTIVE_ARCH = YES;
				SDKROOT = iphoneos;
				SWIFT_ACTIVE_COMPILATION_CONDITIONS = "DEBUG $(inherited)";
				SWIFT_OPTIMIZATION_LEVEL = "-Onone";
			};
			name = Debug;
		};
		420156B32AEED41A007189B5 /* Release */ = {
			isa = XCBuildConfiguration;
			buildSettings = {
				ALWAYS_SEARCH_USER_PATHS = NO;
				ASSETCATALOG_COMPILER_GENERATE_SWIFT_ASSET_SYMBOL_EXTENSIONS = YES;
				CLANG_ANALYZER_NONNULL = YES;
				CLANG_ANALYZER_NUMBER_OBJECT_CONVERSION = YES_AGGRESSIVE;
				CLANG_CXX_LANGUAGE_STANDARD = "gnu++20";
				CLANG_ENABLE_MODULES = YES;
				CLANG_ENABLE_OBJC_ARC = YES;
				CLANG_ENABLE_OBJC_WEAK = YES;
				CLANG_WARN_BLOCK_CAPTURE_AUTORELEASING = YES;
				CLANG_WARN_BOOL_CONVERSION = YES;
				CLANG_WARN_COMMA = YES;
				CLANG_WARN_CONSTANT_CONVERSION = YES;
				CLANG_WARN_DEPRECATED_OBJC_IMPLEMENTATIONS = YES;
				CLANG_WARN_DIRECT_OBJC_ISA_USAGE = YES_ERROR;
				CLANG_WARN_DOCUMENTATION_COMMENTS = YES;
				CLANG_WARN_EMPTY_BODY = YES;
				CLANG_WARN_ENUM_CONVERSION = YES;
				CLANG_WARN_INFINITE_RECURSION = YES;
				CLANG_WARN_INT_CONVERSION = YES;
				CLANG_WARN_NON_LITERAL_NULL_CONVERSION = YES;
				CLANG_WARN_OBJC_IMPLICIT_RETAIN_SELF = YES;
				CLANG_WARN_OBJC_LITERAL_CONVERSION = YES;
				CLANG_WARN_OBJC_ROOT_CLASS = YES_ERROR;
				CLANG_WARN_QUOTED_INCLUDE_IN_FRAMEWORK_HEADER = YES;
				CLANG_WARN_RANGE_LOOP_ANALYSIS = YES;
				CLANG_WARN_STRICT_PROTOTYPES = YES;
				CLANG_WARN_SUSPICIOUS_MOVE = YES;
				CLANG_WARN_UNGUARDED_AVAILABILITY = YES_AGGRESSIVE;
				CLANG_WARN_UNREACHABLE_CODE = YES;
				CLANG_WARN__DUPLICATE_METHOD_MATCH = YES;
				COPY_PHASE_STRIP = NO;
				DEBUG_INFORMATION_FORMAT = "dwarf-with-dsym";
				ENABLE_NS_ASSERTIONS = NO;
				ENABLE_STRICT_OBJC_MSGSEND = YES;
				ENABLE_USER_SCRIPT_SANDBOXING = YES;
				GCC_C_LANGUAGE_STANDARD = gnu17;
				GCC_NO_COMMON_BLOCKS = YES;
				GCC_WARN_64_TO_32_BIT_CONVERSION = YES;
				GCC_WARN_ABOUT_RETURN_TYPE = YES_ERROR;
				GCC_WARN_UNDECLARED_SELECTOR = YES;
				GCC_WARN_UNINITIALIZED_AUTOS = YES_AGGRESSIVE;
				GCC_WARN_UNUSED_FUNCTION = YES;
				GCC_WARN_UNUSED_VARIABLE = YES;
				IPHONEOS_DEPLOYMENT_TARGET = 17.0;
				LOCALIZATION_PREFERS_STRING_CATALOGS = YES;
				MTL_ENABLE_DEBUG_INFO = NO;
				MTL_FAST_MATH = YES;
				SDKROOT = iphoneos;
				SWIFT_COMPILATION_MODE = wholemodule;
				VALIDATE_PRODUCT = YES;
			};
			name = Release;
		};
		420156B52AEED41A007189B5 /* Debug */ = {
			isa = XCBuildConfiguration;
			buildSettings = {
				ASSETCATALOG_COMPILER_APPICON_NAME = AppIcon;
				ASSETCATALOG_COMPILER_GLOBAL_ACCENT_COLOR_NAME = AccentColor;
				CODE_SIGN_STYLE = Automatic;
				CURRENT_PROJECT_VERSION = 1;
				DEVELOPMENT_ASSET_PATHS = "\"ScavengARQuest/Preview Content\"";
				DEVELOPMENT_TEAM = 795JQJV4JZ;
				ENABLE_PREVIEWS = YES;
				GENERATE_INFOPLIST_FILE = YES;
				INFOPLIST_KEY_NSLocationAlwaysUsageDescription = "Location is needed to verify your location.";
				INFOPLIST_KEY_NSLocationWhenInUseUsageDescription = "Location is needed to verify your location.";
				INFOPLIST_KEY_UIApplicationSceneManifest_Generation = YES;
				INFOPLIST_KEY_UIApplicationSupportsIndirectInputEvents = YES;
				INFOPLIST_KEY_UILaunchScreen_Generation = YES;
				INFOPLIST_KEY_UISupportedInterfaceOrientations_iPad = "UIInterfaceOrientationPortrait UIInterfaceOrientationPortraitUpsideDown UIInterfaceOrientationLandscapeLeft UIInterfaceOrientationLandscapeRight";
				INFOPLIST_KEY_UISupportedInterfaceOrientations_iPhone = "UIInterfaceOrientationPortrait UIInterfaceOrientationLandscapeLeft UIInterfaceOrientationLandscapeRight";
				LD_RUNPATH_SEARCH_PATHS = (
					"$(inherited)",
					"@executable_path/Frameworks",
				);
				MARKETING_VERSION = 1.0;
				PRODUCT_BUNDLE_IDENTIFIER = edu.umich.arscavhunt.ScavengARQuest;
				PRODUCT_NAME = "$(TARGET_NAME)";
				SWIFT_EMIT_LOC_STRINGS = YES;
				SWIFT_VERSION = 5.0;
				TARGETED_DEVICE_FAMILY = "1,2";
			};
			name = Debug;
		};
		420156B62AEED41A007189B5 /* Release */ = {
			isa = XCBuildConfiguration;
			buildSettings = {
				ASSETCATALOG_COMPILER_APPICON_NAME = AppIcon;
				ASSETCATALOG_COMPILER_GLOBAL_ACCENT_COLOR_NAME = AccentColor;
				CODE_SIGN_STYLE = Automatic;
				CURRENT_PROJECT_VERSION = 1;
				DEVELOPMENT_ASSET_PATHS = "\"ScavengARQuest/Preview Content\"";
				DEVELOPMENT_TEAM = 795JQJV4JZ;
				ENABLE_PREVIEWS = YES;
				GENERATE_INFOPLIST_FILE = YES;
				INFOPLIST_KEY_NSLocationAlwaysUsageDescription = "Location is needed to verify your location.";
				INFOPLIST_KEY_NSLocationWhenInUseUsageDescription = "Location is needed to verify your location.";
				INFOPLIST_KEY_UIApplicationSceneManifest_Generation = YES;
				INFOPLIST_KEY_UIApplicationSupportsIndirectInputEvents = YES;
				INFOPLIST_KEY_UILaunchScreen_Generation = YES;
				INFOPLIST_KEY_UISupportedInterfaceOrientations_iPad = "UIInterfaceOrientationPortrait UIInterfaceOrientationPortraitUpsideDown UIInterfaceOrientationLandscapeLeft UIInterfaceOrientationLandscapeRight";
				INFOPLIST_KEY_UISupportedInterfaceOrientations_iPhone = "UIInterfaceOrientationPortrait UIInterfaceOrientationLandscapeLeft UIInterfaceOrientationLandscapeRight";
				LD_RUNPATH_SEARCH_PATHS = (
					"$(inherited)",
					"@executable_path/Frameworks",
				);
				MARKETING_VERSION = 1.0;
				PRODUCT_BUNDLE_IDENTIFIER = edu.umich.arscavhunt.ScavengARQuest;
				PRODUCT_NAME = "$(TARGET_NAME)";
				SWIFT_EMIT_LOC_STRINGS = YES;
				SWIFT_VERSION = 5.0;
				TARGETED_DEVICE_FAMILY = "1,2";
			};
			name = Release;
		};
/* End XCBuildConfiguration section */

/* Begin XCConfigurationList section */
		420156A12AEED418007189B5 /* Build configuration list for PBXProject "scavengARQuest" */ = {
			isa = XCConfigurationList;
			buildConfigurations = (
				420156B22AEED41A007189B5 /* Debug */,
				420156B32AEED41A007189B5 /* Release */,
			);
			defaultConfigurationIsVisible = 0;
			defaultConfigurationName = Release;
		};
		420156B42AEED41A007189B5 /* Build configuration list for PBXNativeTarget "ScavengARQuest" */ = {
			isa = XCConfigurationList;
			buildConfigurations = (
				420156B52AEED41A007189B5 /* Debug */,
				420156B62AEED41A007189B5 /* Release */,
			);
			defaultConfigurationIsVisible = 0;
			defaultConfigurationName = Release;
		};
/* End XCConfigurationList section */
	};
	rootObject = 4201569E2AEED418007189B5 /* Project object */;
}
